# This file is automatically @generated by Cargo.
# It is not intended for manual editing.
version = 4

[[package]]
name = "nonempty"
version = "0.12.0"
source = "registry+https://github.com/rust-lang/crates.io-index"
checksum = "9737e026353e5cd0736f98eddae28665118eb6f6600902a7f50db585621fecb6"

[[package]]
name = "prototype"
version = "0.1.0"
dependencies = [
 "nonempty",
]
